// !$*UTF8*$!
{
	archiveVersion = 1;
	classes = {
	};
	objectVersion = 50;
	objects = {

/* Begin PBXBuildFile section */
		B4264DBA5EF9E6C724DD9828 /* Pods_MatcHair.framework in Frameworks */ = {isa = PBXBuildFile; fileRef = B23CA9D31BC2C6961C35F9E2 /* Pods_MatcHair.framework */; };
		F1365CFB21533224009419F5 /* UILabel+Crystal.swift in Sources */ = {isa = PBXBuildFile; fileRef = F1365CFA21533224009419F5 /* UILabel+Crystal.swift */; };
		F13978A1216C619900B80B68 /* NotificationName+Crystal.swift in Sources */ = {isa = PBXBuildFile; fileRef = F13978A0216C619900B80B68 /* NotificationName+Crystal.swift */; };
		F13978A3216C8A3900B80B68 /* ModelCompleteViewController.swift in Sources */ = {isa = PBXBuildFile; fileRef = F13978A2216C8A3900B80B68 /* ModelCompleteViewController.swift */; };
		F13978A5216C8A4F00B80B68 /* DesignerCompleteViewController.swift in Sources */ = {isa = PBXBuildFile; fileRef = F13978A4216C8A4F00B80B68 /* DesignerCompleteViewController.swift */; };
		F13978A9216C8C6A00B80B68 /* ModelCompleteCollectionViewCell.swift in Sources */ = {isa = PBXBuildFile; fileRef = F13978A7216C8C6A00B80B68 /* ModelCompleteCollectionViewCell.swift */; };
		F13978AA216C8C6A00B80B68 /* ModelCompleteCollectionViewCell.xib in Resources */ = {isa = PBXBuildFile; fileRef = F13978A8216C8C6A00B80B68 /* ModelCompleteCollectionViewCell.xib */; };
		F13978B3216C8EB300B80B68 /* DesignerCompleteCollectionViewCell.swift in Sources */ = {isa = PBXBuildFile; fileRef = F13978B1216C8EB300B80B68 /* DesignerCompleteCollectionViewCell.swift */; };
		F13978B4216C8EB300B80B68 /* DesignerCompleteCollectionViewCell.xib in Resources */ = {isa = PBXBuildFile; fileRef = F13978B2216C8EB300B80B68 /* DesignerCompleteCollectionViewCell.xib */; };
		F139AA062151EF3700B5B0D4 /* AppDelegate.swift in Sources */ = {isa = PBXBuildFile; fileRef = F139AA052151EF3700B5B0D4 /* AppDelegate.swift */; };
		F139AA082151EF3700B5B0D4 /* ViewController.swift in Sources */ = {isa = PBXBuildFile; fileRef = F139AA072151EF3700B5B0D4 /* ViewController.swift */; };
		F139AA0B2151EF3700B5B0D4 /* Main.storyboard in Resources */ = {isa = PBXBuildFile; fileRef = F139AA092151EF3700B5B0D4 /* Main.storyboard */; };
		F139AA102151EF3A00B5B0D4 /* LaunchScreen.storyboard in Resources */ = {isa = PBXBuildFile; fileRef = F139AA0E2151EF3A00B5B0D4 /* LaunchScreen.storyboard */; };
		F139AA192151F18300B5B0D4 /* Login.storyboard in Resources */ = {isa = PBXBuildFile; fileRef = F139AA182151F18300B5B0D4 /* Login.storyboard */; };
		F139AA1E2151F5B800B5B0D4 /* LoginViewController.swift in Sources */ = {isa = PBXBuildFile; fileRef = F139AA1D2151F5B800B5B0D4 /* LoginViewController.swift */; };
		F139AA222151F87200B5B0D4 /* TabBarController.swift in Sources */ = {isa = PBXBuildFile; fileRef = F139AA212151F87200B5B0D4 /* TabBarController.swift */; };
		F139AA242151F9AF00B5B0D4 /* UIStoryboard+Crystal.swift in Sources */ = {isa = PBXBuildFile; fileRef = F139AA232151F9AF00B5B0D4 /* UIStoryboard+Crystal.swift */; };
		F139AA272151FB0D00B5B0D4 /* Home.storyboard in Resources */ = {isa = PBXBuildFile; fileRef = F139AA262151FB0D00B5B0D4 /* Home.storyboard */; };
		F139AA292151FB2000B5B0D4 /* Appointment.storyboard in Resources */ = {isa = PBXBuildFile; fileRef = F139AA282151FB2000B5B0D4 /* Appointment.storyboard */; };
		F139AA2B2151FB2A00B5B0D4 /* Like.storyboard in Resources */ = {isa = PBXBuildFile; fileRef = F139AA2A2151FB2A00B5B0D4 /* Like.storyboard */; };
		F139AA2D2151FB3900B5B0D4 /* ChatRoom.storyboard in Resources */ = {isa = PBXBuildFile; fileRef = F139AA2C2151FB3900B5B0D4 /* ChatRoom.storyboard */; };
		F139AA2F2151FB4600B5B0D4 /* Profile.storyboard in Resources */ = {isa = PBXBuildFile; fileRef = F139AA2E2151FB4600B5B0D4 /* Profile.storyboard */; };
		F13BAFB42173A9690072378A /* empty_box.json in Resources */ = {isa = PBXBuildFile; fileRef = F13BAFB32173A9680072378A /* empty_box.json */; };
		F13C31DD21631C9800498C2B /* DetailViewController.swift in Sources */ = {isa = PBXBuildFile; fileRef = F13C31DC21631C9800498C2B /* DetailViewController.swift */; };
		F13C31DF21631CBD00498C2B /* Detail.storyboard in Resources */ = {isa = PBXBuildFile; fileRef = F13C31DE21631CBD00498C2B /* Detail.storyboard */; };
		F13C31E72163ABF600498C2B /* PickerDialog.swift in Sources */ = {isa = PBXBuildFile; fileRef = F13C31E62163ABF500498C2B /* PickerDialog.swift */; };
		F145D3FC21773CD3006801D6 /* EmptyPageViewController.swift in Sources */ = {isa = PBXBuildFile; fileRef = F145D3FB21773CD3006801D6 /* EmptyPageViewController.swift */; };
		F14794A2215B57AD005E864C /* HomeViewController.swift in Sources */ = {isa = PBXBuildFile; fileRef = F14794A1215B57AD005E864C /* HomeViewController.swift */; };
		F1546C1721522DD6009AB3ED /* FacebookManager.swift in Sources */ = {isa = PBXBuildFile; fileRef = F1546C1621522DD6009AB3ED /* FacebookManager.swift */; };
		F1546C1D215231A4009AB3ED /* MatcHairError.swift in Sources */ = {isa = PBXBuildFile; fileRef = F1546C1C215231A4009AB3ED /* MatcHairError.swift */; };
		F1546C1F21523244009AB3ED /* User.swift in Sources */ = {isa = PBXBuildFile; fileRef = F1546C1E21523244009AB3ED /* User.swift */; };
		F1546C2621524D73009AB3ED /* UIView+Crystal.swift in Sources */ = {isa = PBXBuildFile; fileRef = F1546C2521524D73009AB3ED /* UIView+Crystal.swift */; };
		F1546C2921525705009AB3ED /* MatcHairColor.swift in Sources */ = {isa = PBXBuildFile; fileRef = F1546C2821525705009AB3ED /* MatcHairColor.swift */; };
		F1546C2D21528F6B009AB3ED /* GoogleService-Info.plist in Resources */ = {isa = PBXBuildFile; fileRef = F1546C2C21528F6B009AB3ED /* GoogleService-Info.plist */; };
		F15B2CBC2180236500DE4E3E /* CategoryTableViewCell.swift in Sources */ = {isa = PBXBuildFile; fileRef = F15B2CBA2180236500DE4E3E /* CategoryTableViewCell.swift */; };
		F15B2CBD2180236500DE4E3E /* CategoryTableViewCell.xib in Resources */ = {isa = PBXBuildFile; fileRef = F15B2CBB2180236500DE4E3E /* CategoryTableViewCell.xib */; };
		F196CEA521672DE9001110E1 /* Post.swift in Sources */ = {isa = PBXBuildFile; fileRef = F196CEA421672DE9001110E1 /* Post.swift */; };
		F196CEA7216733E1001110E1 /* Appointment.swift in Sources */ = {isa = PBXBuildFile; fileRef = F196CEA6216733E1001110E1 /* Appointment.swift */; };
		F196CEA9216B3B87001110E1 /* Date+Crystal.swift in Sources */ = {isa = PBXBuildFile; fileRef = F196CEA8216B3B87001110E1 /* Date+Crystal.swift */; };
		F196CEB0216B68CB001110E1 /* ModelPendingViewController.swift in Sources */ = {isa = PBXBuildFile; fileRef = F196CEAF216B68CB001110E1 /* ModelPendingViewController.swift */; };
		F196CEB2216B68E0001110E1 /* ModelConfirmViewController.swift in Sources */ = {isa = PBXBuildFile; fileRef = F196CEB1216B68E0001110E1 /* ModelConfirmViewController.swift */; };
		F196CEB5216B9448001110E1 /* DesignerPendingViewController.swift in Sources */ = {isa = PBXBuildFile; fileRef = F196CEB4216B9448001110E1 /* DesignerPendingViewController.swift */; };
		F196CEB7216B945F001110E1 /* DesignerConfirmViewController.swift in Sources */ = {isa = PBXBuildFile; fileRef = F196CEB6216B945F001110E1 /* DesignerConfirmViewController.swift */; };
		F1A1A84F215C7D190038F0CF /* ProfileCollectionViewCell.swift in Sources */ = {isa = PBXBuildFile; fileRef = F1A1A84D215C7D190038F0CF /* ProfileCollectionViewCell.swift */; };
		F1A1A850215C7D190038F0CF /* ProfileCollectionViewCell.xib in Resources */ = {isa = PBXBuildFile; fileRef = F1A1A84E215C7D190038F0CF /* ProfileCollectionViewCell.xib */; };
		F1A1A853215C7F010038F0CF /* MyPostCollectionViewCell.swift in Sources */ = {isa = PBXBuildFile; fileRef = F1A1A851215C7F010038F0CF /* MyPostCollectionViewCell.swift */; };
		F1A1A854215C7F010038F0CF /* MyPostCollectionViewCell.xib in Resources */ = {isa = PBXBuildFile; fileRef = F1A1A852215C7F010038F0CF /* MyPostCollectionViewCell.xib */; };
		F1A1A859215CB09B0038F0CF /* LikeViewController.swift in Sources */ = {isa = PBXBuildFile; fileRef = F1A1A858215CB09A0038F0CF /* LikeViewController.swift */; };
		F1A1A85D215DDA900038F0CF /* DesignerPendingCollectionViewCell.swift in Sources */ = {isa = PBXBuildFile; fileRef = F1A1A85B215DDA900038F0CF /* DesignerPendingCollectionViewCell.swift */; };
		F1A1A85E215DDA900038F0CF /* DesignerPendingCollectionViewCell.xib in Resources */ = {isa = PBXBuildFile; fileRef = F1A1A85C215DDA900038F0CF /* DesignerPendingCollectionViewCell.xib */; };
		F1A1A860215DE1070038F0CF /* Assets.xcassets in Resources */ = {isa = PBXBuildFile; fileRef = F1A1A85F215DE1070038F0CF /* Assets.xcassets */; };
		F1C2C3D72153CD2F0065E4EB /* Post.storyboard in Resources */ = {isa = PBXBuildFile; fileRef = F1C2C3D62153CD2F0065E4EB /* Post.storyboard */; };
		F1C2C3DC2153CE3E0065E4EB /* PictureViewController.swift in Sources */ = {isa = PBXBuildFile; fileRef = F1C2C3DA2153CE3E0065E4EB /* PictureViewController.swift */; };
		F1C2C3DD2153CE3E0065E4EB /* ShowPictureViewController.swift in Sources */ = {isa = PBXBuildFile; fileRef = F1C2C3DB2153CE3E0065E4EB /* ShowPictureViewController.swift */; };
		F1C2C3DF2153CED20065E4EB /* CameraController.swift in Sources */ = {isa = PBXBuildFile; fileRef = F1C2C3DE2153CED20065E4EB /* CameraController.swift */; };
		F1C2C3E12154B3170065E4EB /* SwipeController.swift in Sources */ = {isa = PBXBuildFile; fileRef = F1C2C3E02154B3170065E4EB /* SwipeController.swift */; };
		F1C2C3E32154B4180065E4EB /* SegueController.swift in Sources */ = {isa = PBXBuildFile; fileRef = F1C2C3E22154B4180065E4EB /* SegueController.swift */; };
		F1C2C3E52154B8AE0065E4EB /* PostViewController.swift in Sources */ = {isa = PBXBuildFile; fileRef = F1C2C3E42154B8AE0065E4EB /* PostViewController.swift */; };
		F1C2C3E72154C9660065E4EB /* NavigationController.swift in Sources */ = {isa = PBXBuildFile; fileRef = F1C2C3E62154C9660065E4EB /* NavigationController.swift */; };
		F1D0BBD6215FCE9300ABAE5D /* LikePostCollectionViewCell.swift in Sources */ = {isa = PBXBuildFile; fileRef = F1D0BBD4215FCE9300ABAE5D /* LikePostCollectionViewCell.swift */; };
		F1D0BBD7215FCE9300ABAE5D /* LikePostCollectionViewCell.xib in Resources */ = {isa = PBXBuildFile; fileRef = F1D0BBD5215FCE9300ABAE5D /* LikePostCollectionViewCell.xib */; };
		F1D0BBDA215FF55000ABAE5D /* DesignerSegementViewController.swift in Sources */ = {isa = PBXBuildFile; fileRef = F1D0BBD9215FF55000ABAE5D /* DesignerSegementViewController.swift */; };
		F1D0BBDE216100AA00ABAE5D /* DesignerConfirmCollectionViewCell.swift in Sources */ = {isa = PBXBuildFile; fileRef = F1D0BBDC216100AA00ABAE5D /* DesignerConfirmCollectionViewCell.swift */; };
		F1D0BBDF216100AA00ABAE5D /* DesignerConfirmCollectionViewCell.xib in Resources */ = {isa = PBXBuildFile; fileRef = F1D0BBDD216100AA00ABAE5D /* DesignerConfirmCollectionViewCell.xib */; };
		F1D0BBE52161087300ABAE5D /* ModelPendingCollectionViewCell.swift in Sources */ = {isa = PBXBuildFile; fileRef = F1D0BBE32161087300ABAE5D /* ModelPendingCollectionViewCell.swift */; };
		F1D0BBE62161087300ABAE5D /* ModelPendingCollectionViewCell.xib in Resources */ = {isa = PBXBuildFile; fileRef = F1D0BBE42161087300ABAE5D /* ModelPendingCollectionViewCell.xib */; };
		F1D0BBE9216108D900ABAE5D /* ModelConfirmCollectionViewCell.swift in Sources */ = {isa = PBXBuildFile; fileRef = F1D0BBE7216108D900ABAE5D /* ModelConfirmCollectionViewCell.swift */; };
		F1D0BBEA216108D900ABAE5D /* ModelConfirmCollectionViewCell.xib in Resources */ = {isa = PBXBuildFile; fileRef = F1D0BBE8216108D900ABAE5D /* ModelConfirmCollectionViewCell.xib */; };
		F1D0BBEC21610A9400ABAE5D /* ModelSegementController.swift in Sources */ = {isa = PBXBuildFile; fileRef = F1D0BBEB21610A9400ABAE5D /* ModelSegementController.swift */; };
		F1D0BBEE2161400000ABAE5D /* ChatRoomViewController.swift in Sources */ = {isa = PBXBuildFile; fileRef = F1D0BBED2161400000ABAE5D /* ChatRoomViewController.swift */; };
		F1DCA95E217586A500E387C0 /* home_loading.json in Resources */ = {isa = PBXBuildFile; fileRef = F1DCA95D217586A500E387C0 /* home_loading.json */; };
		F1DCA9602175885E00E387C0 /* no_appointment.json in Resources */ = {isa = PBXBuildFile; fileRef = F1DCA95F2175885D00E387C0 /* no_appointment.json */; };
		F1DD3F3021535DAC00BBE710 /* ProfileViewController.swift in Sources */ = {isa = PBXBuildFile; fileRef = F1DD3F2F21535DAC00BBE710 /* ProfileViewController.swift */; };
		F1DD3F3421536D3D00BBE710 /* PostCollectionViewCell.swift in Sources */ = {isa = PBXBuildFile; fileRef = F1DD3F3221536D3D00BBE710 /* PostCollectionViewCell.swift */; };
		F1DD3F3521536D3D00BBE710 /* PostCollectionViewCell.xib in Resources */ = {isa = PBXBuildFile; fileRef = F1DD3F3321536D3D00BBE710 /* PostCollectionViewCell.xib */; };
		F1DD3F39215388A400BBE710 /* UserManager.swift in Sources */ = {isa = PBXBuildFile; fileRef = F1DD3F38215388A400BBE710 /* UserManager.swift */; };
		F1ECE3632180297800DC154D /* PaymentTableViewCell.swift in Sources */ = {isa = PBXBuildFile; fileRef = F1ECE3612180297800DC154D /* PaymentTableViewCell.swift */; };
		F1ECE3642180297800DC154D /* PaymentTableViewCell.xib in Resources */ = {isa = PBXBuildFile; fileRef = F1ECE3622180297800DC154D /* PaymentTableViewCell.xib */; };
		F1ECE36721803CB400DC154D /* ReservationTimeTableViewCell.swift in Sources */ = {isa = PBXBuildFile; fileRef = F1ECE36521803CB400DC154D /* ReservationTimeTableViewCell.swift */; };
		F1ECE36821803CB400DC154D /* ReservationTimeTableViewCell.xib in Resources */ = {isa = PBXBuildFile; fileRef = F1ECE36621803CB400DC154D /* ReservationTimeTableViewCell.xib */; };
		F1ECE36B21803DF200DC154D /* ReservationLocationTableViewCell.swift in Sources */ = {isa = PBXBuildFile; fileRef = F1ECE36921803DF200DC154D /* ReservationLocationTableViewCell.swift */; };
		F1ECE36C21803DF200DC154D /* ReservationLocationTableViewCell.xib in Resources */ = {isa = PBXBuildFile; fileRef = F1ECE36A21803DF200DC154D /* ReservationLocationTableViewCell.xib */; };
		F1ECE36F21803FF800DC154D /* PhoneTableViewCell.swift in Sources */ = {isa = PBXBuildFile; fileRef = F1ECE36D21803FF800DC154D /* PhoneTableViewCell.swift */; };
		F1ECE37021803FF800DC154D /* PhoneTableViewCell.xib in Resources */ = {isa = PBXBuildFile; fileRef = F1ECE36E21803FF800DC154D /* PhoneTableViewCell.xib */; };
/* End PBXBuildFile section */

/* Begin PBXFileReference section */
		B23CA9D31BC2C6961C35F9E2 /* Pods_MatcHair.framework */ = {isa = PBXFileReference; explicitFileType = wrapper.framework; includeInIndex = 0; path = Pods_MatcHair.framework; sourceTree = BUILT_PRODUCTS_DIR; };
		B95A55F15F9234D82EDC18BB /* Pods-MatcHair.debug.xcconfig */ = {isa = PBXFileReference; includeInIndex = 1; lastKnownFileType = text.xcconfig; name = "Pods-MatcHair.debug.xcconfig"; path = "Pods/Target Support Files/Pods-MatcHair/Pods-MatcHair.debug.xcconfig"; sourceTree = "<group>"; };
		E2AED2B853FE316240AEACF8 /* Pods-MatcHair.release.xcconfig */ = {isa = PBXFileReference; includeInIndex = 1; lastKnownFileType = text.xcconfig; name = "Pods-MatcHair.release.xcconfig"; path = "Pods/Target Support Files/Pods-MatcHair/Pods-MatcHair.release.xcconfig"; sourceTree = "<group>"; };
		F1365CFA21533224009419F5 /* UILabel+Crystal.swift */ = {isa = PBXFileReference; lastKnownFileType = sourcecode.swift; path = "UILabel+Crystal.swift"; sourceTree = "<group>"; };
		F13978A0216C619900B80B68 /* NotificationName+Crystal.swift */ = {isa = PBXFileReference; lastKnownFileType = sourcecode.swift; path = "NotificationName+Crystal.swift"; sourceTree = "<group>"; };
		F13978A2216C8A3900B80B68 /* ModelCompleteViewController.swift */ = {isa = PBXFileReference; lastKnownFileType = sourcecode.swift; path = ModelCompleteViewController.swift; sourceTree = "<group>"; };
		F13978A4216C8A4F00B80B68 /* DesignerCompleteViewController.swift */ = {isa = PBXFileReference; lastKnownFileType = sourcecode.swift; path = DesignerCompleteViewController.swift; sourceTree = "<group>"; };
		F13978A7216C8C6A00B80B68 /* ModelCompleteCollectionViewCell.swift */ = {isa = PBXFileReference; lastKnownFileType = sourcecode.swift; path = ModelCompleteCollectionViewCell.swift; sourceTree = "<group>"; };
		F13978A8216C8C6A00B80B68 /* ModelCompleteCollectionViewCell.xib */ = {isa = PBXFileReference; lastKnownFileType = file.xib; path = ModelCompleteCollectionViewCell.xib; sourceTree = "<group>"; };
		F13978B1216C8EB300B80B68 /* DesignerCompleteCollectionViewCell.swift */ = {isa = PBXFileReference; lastKnownFileType = sourcecode.swift; path = DesignerCompleteCollectionViewCell.swift; sourceTree = "<group>"; };
		F13978B2216C8EB300B80B68 /* DesignerCompleteCollectionViewCell.xib */ = {isa = PBXFileReference; lastKnownFileType = file.xib; path = DesignerCompleteCollectionViewCell.xib; sourceTree = "<group>"; };
		F139AA022151EF3700B5B0D4 /* MatcHair.app */ = {isa = PBXFileReference; explicitFileType = wrapper.application; includeInIndex = 0; path = MatcHair.app; sourceTree = BUILT_PRODUCTS_DIR; };
		F139AA052151EF3700B5B0D4 /* AppDelegate.swift */ = {isa = PBXFileReference; lastKnownFileType = sourcecode.swift; path = AppDelegate.swift; sourceTree = "<group>"; };
		F139AA072151EF3700B5B0D4 /* ViewController.swift */ = {isa = PBXFileReference; lastKnownFileType = sourcecode.swift; path = ViewController.swift; sourceTree = "<group>"; };
		F139AA0A2151EF3700B5B0D4 /* Base */ = {isa = PBXFileReference; lastKnownFileType = file.storyboard; name = Base; path = Base.lproj/Main.storyboard; sourceTree = "<group>"; };
		F139AA0F2151EF3A00B5B0D4 /* Base */ = {isa = PBXFileReference; lastKnownFileType = file.storyboard; name = Base; path = Base.lproj/LaunchScreen.storyboard; sourceTree = "<group>"; };
		F139AA112151EF3A00B5B0D4 /* Info.plist */ = {isa = PBXFileReference; lastKnownFileType = text.plist.xml; path = Info.plist; sourceTree = "<group>"; };
		F139AA182151F18300B5B0D4 /* Login.storyboard */ = {isa = PBXFileReference; lastKnownFileType = file.storyboard; path = Login.storyboard; sourceTree = "<group>"; };
		F139AA1D2151F5B800B5B0D4 /* LoginViewController.swift */ = {isa = PBXFileReference; lastKnownFileType = sourcecode.swift; path = LoginViewController.swift; sourceTree = "<group>"; };
		F139AA212151F87200B5B0D4 /* TabBarController.swift */ = {isa = PBXFileReference; lastKnownFileType = sourcecode.swift; path = TabBarController.swift; sourceTree = "<group>"; };
		F139AA232151F9AF00B5B0D4 /* UIStoryboard+Crystal.swift */ = {isa = PBXFileReference; lastKnownFileType = sourcecode.swift; path = "UIStoryboard+Crystal.swift"; sourceTree = "<group>"; };
		F139AA262151FB0D00B5B0D4 /* Home.storyboard */ = {isa = PBXFileReference; lastKnownFileType = file.storyboard; path = Home.storyboard; sourceTree = "<group>"; };
		F139AA282151FB2000B5B0D4 /* Appointment.storyboard */ = {isa = PBXFileReference; lastKnownFileType = file.storyboard; path = Appointment.storyboard; sourceTree = "<group>"; };
		F139AA2A2151FB2A00B5B0D4 /* Like.storyboard */ = {isa = PBXFileReference; lastKnownFileType = file.storyboard; path = Like.storyboard; sourceTree = "<group>"; };
		F139AA2C2151FB3900B5B0D4 /* ChatRoom.storyboard */ = {isa = PBXFileReference; lastKnownFileType = file.storyboard; path = ChatRoom.storyboard; sourceTree = "<group>"; };
		F139AA2E2151FB4600B5B0D4 /* Profile.storyboard */ = {isa = PBXFileReference; lastKnownFileType = file.storyboard; path = Profile.storyboard; sourceTree = "<group>"; };
		F13BAFB32173A9680072378A /* empty_box.json */ = {isa = PBXFileReference; fileEncoding = 4; lastKnownFileType = text.json; path = empty_box.json; sourceTree = "<group>"; };
		F13C31DC21631C9800498C2B /* DetailViewController.swift */ = {isa = PBXFileReference; lastKnownFileType = sourcecode.swift; path = DetailViewController.swift; sourceTree = "<group>"; };
		F13C31DE21631CBD00498C2B /* Detail.storyboard */ = {isa = PBXFileReference; lastKnownFileType = file.storyboard; path = Detail.storyboard; sourceTree = "<group>"; };
		F13C31E62163ABF500498C2B /* PickerDialog.swift */ = {isa = PBXFileReference; lastKnownFileType = sourcecode.swift; path = PickerDialog.swift; sourceTree = "<group>"; };
		F145D3FB21773CD3006801D6 /* EmptyPageViewController.swift */ = {isa = PBXFileReference; lastKnownFileType = sourcecode.swift; path = EmptyPageViewController.swift; sourceTree = "<group>"; };
		F14794A1215B57AD005E864C /* HomeViewController.swift */ = {isa = PBXFileReference; lastKnownFileType = sourcecode.swift; path = HomeViewController.swift; sourceTree = "<group>"; };
		F1546C1621522DD6009AB3ED /* FacebookManager.swift */ = {isa = PBXFileReference; lastKnownFileType = sourcecode.swift; path = FacebookManager.swift; sourceTree = "<group>"; };
		F1546C1C215231A4009AB3ED /* MatcHairError.swift */ = {isa = PBXFileReference; lastKnownFileType = sourcecode.swift; path = MatcHairError.swift; sourceTree = "<group>"; };
		F1546C1E21523244009AB3ED /* User.swift */ = {isa = PBXFileReference; lastKnownFileType = sourcecode.swift; path = User.swift; sourceTree = "<group>"; };
		F1546C2521524D73009AB3ED /* UIView+Crystal.swift */ = {isa = PBXFileReference; lastKnownFileType = sourcecode.swift; path = "UIView+Crystal.swift"; sourceTree = "<group>"; };
		F1546C2821525705009AB3ED /* MatcHairColor.swift */ = {isa = PBXFileReference; lastKnownFileType = sourcecode.swift; path = MatcHairColor.swift; sourceTree = "<group>"; };
		F1546C2C21528F6B009AB3ED /* GoogleService-Info.plist */ = {isa = PBXFileReference; fileEncoding = 4; lastKnownFileType = text.plist.xml; path = "GoogleService-Info.plist"; sourceTree = "<group>"; };
		F15B2CBA2180236500DE4E3E /* CategoryTableViewCell.swift */ = {isa = PBXFileReference; lastKnownFileType = sourcecode.swift; path = CategoryTableViewCell.swift; sourceTree = "<group>"; };
		F15B2CBB2180236500DE4E3E /* CategoryTableViewCell.xib */ = {isa = PBXFileReference; lastKnownFileType = file.xib; path = CategoryTableViewCell.xib; sourceTree = "<group>"; };
		F196CEA421672DE9001110E1 /* Post.swift */ = {isa = PBXFileReference; lastKnownFileType = sourcecode.swift; path = Post.swift; sourceTree = "<group>"; };
		F196CEA6216733E1001110E1 /* Appointment.swift */ = {isa = PBXFileReference; lastKnownFileType = sourcecode.swift; path = Appointment.swift; sourceTree = "<group>"; };
		F196CEA8216B3B87001110E1 /* Date+Crystal.swift */ = {isa = PBXFileReference; lastKnownFileType = sourcecode.swift; path = "Date+Crystal.swift"; sourceTree = "<group>"; };
		F196CEAF216B68CB001110E1 /* ModelPendingViewController.swift */ = {isa = PBXFileReference; lastKnownFileType = sourcecode.swift; path = ModelPendingViewController.swift; sourceTree = "<group>"; };
		F196CEB1216B68E0001110E1 /* ModelConfirmViewController.swift */ = {isa = PBXFileReference; lastKnownFileType = sourcecode.swift; path = ModelConfirmViewController.swift; sourceTree = "<group>"; };
		F196CEB4216B9448001110E1 /* DesignerPendingViewController.swift */ = {isa = PBXFileReference; lastKnownFileType = sourcecode.swift; path = DesignerPendingViewController.swift; sourceTree = "<group>"; };
		F196CEB6216B945F001110E1 /* DesignerConfirmViewController.swift */ = {isa = PBXFileReference; lastKnownFileType = sourcecode.swift; path = DesignerConfirmViewController.swift; sourceTree = "<group>"; };
		F1A1A84D215C7D190038F0CF /* ProfileCollectionViewCell.swift */ = {isa = PBXFileReference; lastKnownFileType = sourcecode.swift; path = ProfileCollectionViewCell.swift; sourceTree = "<group>"; };
		F1A1A84E215C7D190038F0CF /* ProfileCollectionViewCell.xib */ = {isa = PBXFileReference; lastKnownFileType = file.xib; path = ProfileCollectionViewCell.xib; sourceTree = "<group>"; };
		F1A1A851215C7F010038F0CF /* MyPostCollectionViewCell.swift */ = {isa = PBXFileReference; lastKnownFileType = sourcecode.swift; path = MyPostCollectionViewCell.swift; sourceTree = "<group>"; };
		F1A1A852215C7F010038F0CF /* MyPostCollectionViewCell.xib */ = {isa = PBXFileReference; lastKnownFileType = file.xib; path = MyPostCollectionViewCell.xib; sourceTree = "<group>"; };
		F1A1A858215CB09A0038F0CF /* LikeViewController.swift */ = {isa = PBXFileReference; lastKnownFileType = sourcecode.swift; path = LikeViewController.swift; sourceTree = "<group>"; };
		F1A1A85B215DDA900038F0CF /* DesignerPendingCollectionViewCell.swift */ = {isa = PBXFileReference; lastKnownFileType = sourcecode.swift; path = DesignerPendingCollectionViewCell.swift; sourceTree = "<group>"; };
		F1A1A85C215DDA900038F0CF /* DesignerPendingCollectionViewCell.xib */ = {isa = PBXFileReference; lastKnownFileType = file.xib; path = DesignerPendingCollectionViewCell.xib; sourceTree = "<group>"; };
		F1A1A85F215DE1070038F0CF /* Assets.xcassets */ = {isa = PBXFileReference; lastKnownFileType = folder.assetcatalog; path = Assets.xcassets; sourceTree = "<group>"; };
		F1C2C3D62153CD2F0065E4EB /* Post.storyboard */ = {isa = PBXFileReference; lastKnownFileType = file.storyboard; path = Post.storyboard; sourceTree = "<group>"; };
		F1C2C3DA2153CE3E0065E4EB /* PictureViewController.swift */ = {isa = PBXFileReference; fileEncoding = 4; lastKnownFileType = sourcecode.swift; path = PictureViewController.swift; sourceTree = "<group>"; };
		F1C2C3DB2153CE3E0065E4EB /* ShowPictureViewController.swift */ = {isa = PBXFileReference; fileEncoding = 4; lastKnownFileType = sourcecode.swift; path = ShowPictureViewController.swift; sourceTree = "<group>"; };
		F1C2C3DE2153CED20065E4EB /* CameraController.swift */ = {isa = PBXFileReference; fileEncoding = 4; lastKnownFileType = sourcecode.swift; path = CameraController.swift; sourceTree = "<group>"; };
		F1C2C3E02154B3170065E4EB /* SwipeController.swift */ = {isa = PBXFileReference; lastKnownFileType = sourcecode.swift; path = SwipeController.swift; sourceTree = "<group>"; };
		F1C2C3E22154B4180065E4EB /* SegueController.swift */ = {isa = PBXFileReference; lastKnownFileType = sourcecode.swift; path = SegueController.swift; sourceTree = "<group>"; };
		F1C2C3E42154B8AE0065E4EB /* PostViewController.swift */ = {isa = PBXFileReference; lastKnownFileType = sourcecode.swift; path = PostViewController.swift; sourceTree = "<group>"; };
		F1C2C3E62154C9660065E4EB /* NavigationController.swift */ = {isa = PBXFileReference; lastKnownFileType = sourcecode.swift; path = NavigationController.swift; sourceTree = "<group>"; };
		F1D0BBD4215FCE9300ABAE5D /* LikePostCollectionViewCell.swift */ = {isa = PBXFileReference; lastKnownFileType = sourcecode.swift; path = LikePostCollectionViewCell.swift; sourceTree = "<group>"; };
		F1D0BBD5215FCE9300ABAE5D /* LikePostCollectionViewCell.xib */ = {isa = PBXFileReference; lastKnownFileType = file.xib; path = LikePostCollectionViewCell.xib; sourceTree = "<group>"; };
		F1D0BBD9215FF55000ABAE5D /* DesignerSegementViewController.swift */ = {isa = PBXFileReference; lastKnownFileType = sourcecode.swift; path = DesignerSegementViewController.swift; sourceTree = "<group>"; };
		F1D0BBDC216100AA00ABAE5D /* DesignerConfirmCollectionViewCell.swift */ = {isa = PBXFileReference; lastKnownFileType = sourcecode.swift; path = DesignerConfirmCollectionViewCell.swift; sourceTree = "<group>"; };
		F1D0BBDD216100AA00ABAE5D /* DesignerConfirmCollectionViewCell.xib */ = {isa = PBXFileReference; lastKnownFileType = file.xib; path = DesignerConfirmCollectionViewCell.xib; sourceTree = "<group>"; };
		F1D0BBE32161087300ABAE5D /* ModelPendingCollectionViewCell.swift */ = {isa = PBXFileReference; lastKnownFileType = sourcecode.swift; path = ModelPendingCollectionViewCell.swift; sourceTree = "<group>"; };
		F1D0BBE42161087300ABAE5D /* ModelPendingCollectionViewCell.xib */ = {isa = PBXFileReference; lastKnownFileType = file.xib; path = ModelPendingCollectionViewCell.xib; sourceTree = "<group>"; };
		F1D0BBE7216108D900ABAE5D /* ModelConfirmCollectionViewCell.swift */ = {isa = PBXFileReference; lastKnownFileType = sourcecode.swift; path = ModelConfirmCollectionViewCell.swift; sourceTree = "<group>"; };
		F1D0BBE8216108D900ABAE5D /* ModelConfirmCollectionViewCell.xib */ = {isa = PBXFileReference; lastKnownFileType = file.xib; path = ModelConfirmCollectionViewCell.xib; sourceTree = "<group>"; };
		F1D0BBEB21610A9400ABAE5D /* ModelSegementController.swift */ = {isa = PBXFileReference; lastKnownFileType = sourcecode.swift; path = ModelSegementController.swift; sourceTree = "<group>"; };
		F1D0BBED2161400000ABAE5D /* ChatRoomViewController.swift */ = {isa = PBXFileReference; lastKnownFileType = sourcecode.swift; path = ChatRoomViewController.swift; sourceTree = "<group>"; };
		F1DCA95D217586A500E387C0 /* home_loading.json */ = {isa = PBXFileReference; fileEncoding = 4; lastKnownFileType = text.json; path = home_loading.json; sourceTree = "<group>"; };
		F1DCA95F2175885D00E387C0 /* no_appointment.json */ = {isa = PBXFileReference; fileEncoding = 4; lastKnownFileType = text.json; path = no_appointment.json; sourceTree = "<group>"; };
		F1DD3F2F21535DAC00BBE710 /* ProfileViewController.swift */ = {isa = PBXFileReference; lastKnownFileType = sourcecode.swift; path = ProfileViewController.swift; sourceTree = "<group>"; };
		F1DD3F3221536D3D00BBE710 /* PostCollectionViewCell.swift */ = {isa = PBXFileReference; lastKnownFileType = sourcecode.swift; path = PostCollectionViewCell.swift; sourceTree = "<group>"; };
		F1DD3F3321536D3D00BBE710 /* PostCollectionViewCell.xib */ = {isa = PBXFileReference; lastKnownFileType = file.xib; path = PostCollectionViewCell.xib; sourceTree = "<group>"; };
		F1DD3F38215388A400BBE710 /* UserManager.swift */ = {isa = PBXFileReference; lastKnownFileType = sourcecode.swift; path = UserManager.swift; sourceTree = "<group>"; };
		F1ECE3612180297800DC154D /* PaymentTableViewCell.swift */ = {isa = PBXFileReference; lastKnownFileType = sourcecode.swift; path = PaymentTableViewCell.swift; sourceTree = "<group>"; };
		F1ECE3622180297800DC154D /* PaymentTableViewCell.xib */ = {isa = PBXFileReference; lastKnownFileType = file.xib; path = PaymentTableViewCell.xib; sourceTree = "<group>"; };
		F1ECE36521803CB400DC154D /* ReservationTimeTableViewCell.swift */ = {isa = PBXFileReference; lastKnownFileType = sourcecode.swift; path = ReservationTimeTableViewCell.swift; sourceTree = "<group>"; };
		F1ECE36621803CB400DC154D /* ReservationTimeTableViewCell.xib */ = {isa = PBXFileReference; lastKnownFileType = file.xib; path = ReservationTimeTableViewCell.xib; sourceTree = "<group>"; };
		F1ECE36921803DF200DC154D /* ReservationLocationTableViewCell.swift */ = {isa = PBXFileReference; lastKnownFileType = sourcecode.swift; path = ReservationLocationTableViewCell.swift; sourceTree = "<group>"; };
		F1ECE36A21803DF200DC154D /* ReservationLocationTableViewCell.xib */ = {isa = PBXFileReference; lastKnownFileType = file.xib; path = ReservationLocationTableViewCell.xib; sourceTree = "<group>"; };
		F1ECE36D21803FF800DC154D /* PhoneTableViewCell.swift */ = {isa = PBXFileReference; lastKnownFileType = sourcecode.swift; path = PhoneTableViewCell.swift; sourceTree = "<group>"; };
		F1ECE36E21803FF800DC154D /* PhoneTableViewCell.xib */ = {isa = PBXFileReference; lastKnownFileType = file.xib; path = PhoneTableViewCell.xib; sourceTree = "<group>"; };
/* End PBXFileReference section */

/* Begin PBXFrameworksBuildPhase section */
		F139A9FF2151EF3700B5B0D4 /* Frameworks */ = {
			isa = PBXFrameworksBuildPhase;
			buildActionMask = 2147483647;
			files = (
				B4264DBA5EF9E6C724DD9828 /* Pods_MatcHair.framework in Frameworks */,
			);
			runOnlyForDeploymentPostprocessing = 0;
		};
/* End PBXFrameworksBuildPhase section */

/* Begin PBXGroup section */
		1441CC733EBCF1052207712F /* Pods */ = {
			isa = PBXGroup;
			children = (
				B95A55F15F9234D82EDC18BB /* Pods-MatcHair.debug.xcconfig */,
				E2AED2B853FE316240AEACF8 /* Pods-MatcHair.release.xcconfig */,
			);
			name = Pods;
			sourceTree = "<group>";
		};
		7E56CEA841F120B18ACEC10B /* Frameworks */ = {
			isa = PBXGroup;
			children = (
				B23CA9D31BC2C6961C35F9E2 /* Pods_MatcHair.framework */,
			);
			name = Frameworks;
			sourceTree = "<group>";
		};
		F13978A6216C8BEF00B80B68 /* ModelCompleteCollectionViewCell */ = {
			isa = PBXGroup;
			children = (
				F13978A7216C8C6A00B80B68 /* ModelCompleteCollectionViewCell.swift */,
				F13978A8216C8C6A00B80B68 /* ModelCompleteCollectionViewCell.xib */,
			);
			path = ModelCompleteCollectionViewCell;
			sourceTree = "<group>";
		};
		F13978B0216C8D9C00B80B68 /* DesignerCompleteCollectionViewCell */ = {
			isa = PBXGroup;
			children = (
				F13978B1216C8EB300B80B68 /* DesignerCompleteCollectionViewCell.swift */,
				F13978B2216C8EB300B80B68 /* DesignerCompleteCollectionViewCell.xib */,
			);
			path = DesignerCompleteCollectionViewCell;
			sourceTree = "<group>";
		};
		F139A9F92151EF3700B5B0D4 = {
			isa = PBXGroup;
			children = (
				F139AA042151EF3700B5B0D4 /* MatcHair */,
				F139AA032151EF3700B5B0D4 /* Products */,
				1441CC733EBCF1052207712F /* Pods */,
				7E56CEA841F120B18ACEC10B /* Frameworks */,
			);
			sourceTree = "<group>";
		};
		F139AA032151EF3700B5B0D4 /* Products */ = {
			isa = PBXGroup;
			children = (
				F139AA022151EF3700B5B0D4 /* MatcHair.app */,
			);
			name = Products;
			sourceTree = "<group>";
		};
		F139AA042151EF3700B5B0D4 /* MatcHair */ = {
			isa = PBXGroup;
			children = (
				F1DCA95F2175885D00E387C0 /* no_appointment.json */,
				F1DCA95D217586A500E387C0 /* home_loading.json */,
				F13BAFB32173A9680072378A /* empty_box.json */,
				F1546C27215256D8009AB3ED /* Support */,
				F1546C1221522C57009AB3ED /* Model */,
				F139AA252151F9B500B5B0D4 /* Extension */,
				F139AA1C2151F59B00B5B0D4 /* Controller */,
				F1DD3F3121536D0F00BBE710 /* Xib */,
				F139AA172151EF4600B5B0D4 /* Storyboard */,
				F139AA052151EF3700B5B0D4 /* AppDelegate.swift */,
				F139AA072151EF3700B5B0D4 /* ViewController.swift */,
				F1A1A85F215DE1070038F0CF /* Assets.xcassets */,
				F139AA0E2151EF3A00B5B0D4 /* LaunchScreen.storyboard */,
				F139AA112151EF3A00B5B0D4 /* Info.plist */,
				F1546C2C21528F6B009AB3ED /* GoogleService-Info.plist */,
			);
			path = MatcHair;
			sourceTree = "<group>";
		};
		F139AA172151EF4600B5B0D4 /* Storyboard */ = {
			isa = PBXGroup;
			children = (
				F139AA092151EF3700B5B0D4 /* Main.storyboard */,
				F139AA182151F18300B5B0D4 /* Login.storyboard */,
				F139AA262151FB0D00B5B0D4 /* Home.storyboard */,
				F139AA282151FB2000B5B0D4 /* Appointment.storyboard */,
				F1C2C3D62153CD2F0065E4EB /* Post.storyboard */,
				F139AA2A2151FB2A00B5B0D4 /* Like.storyboard */,
				F139AA2E2151FB4600B5B0D4 /* Profile.storyboard */,
				F139AA2C2151FB3900B5B0D4 /* ChatRoom.storyboard */,
				F13C31DE21631CBD00498C2B /* Detail.storyboard */,
			);
			path = Storyboard;
			sourceTree = "<group>";
		};
		F139AA1C2151F59B00B5B0D4 /* Controller */ = {
			isa = PBXGroup;
			children = (
				F139AA212151F87200B5B0D4 /* TabBarController.swift */,
				F1C2C3E62154C9660065E4EB /* NavigationController.swift */,
				F139AA1D2151F5B800B5B0D4 /* LoginViewController.swift */,
				F14794A1215B57AD005E864C /* HomeViewController.swift */,
				F1C2C3DA2153CE3E0065E4EB /* PictureViewController.swift */,
				F1C2C3DB2153CE3E0065E4EB /* ShowPictureViewController.swift */,
				F1C2C3E42154B8AE0065E4EB /* PostViewController.swift */,
				F1DD3F2F21535DAC00BBE710 /* ProfileViewController.swift */,
				F1A1A858215CB09A0038F0CF /* LikeViewController.swift */,
				F1D0BBED2161400000ABAE5D /* ChatRoomViewController.swift */,
				F13C31DC21631C9800498C2B /* DetailViewController.swift */,
				F145D3FB21773CD3006801D6 /* EmptyPageViewController.swift */,
				F196CEAA216B680C001110E1 /* Model */,
				F196CEB3216B91D4001110E1 /* Designer */,
			);
			path = Controller;
			sourceTree = "<group>";
		};
		F139AA252151F9B500B5B0D4 /* Extension */ = {
			isa = PBXGroup;
			children = (
				F139AA232151F9AF00B5B0D4 /* UIStoryboard+Crystal.swift */,
				F1546C2521524D73009AB3ED /* UIView+Crystal.swift */,
				F1365CFA21533224009419F5 /* UILabel+Crystal.swift */,
				F196CEA8216B3B87001110E1 /* Date+Crystal.swift */,
				F13978A0216C619900B80B68 /* NotificationName+Crystal.swift */,
			);
			path = Extension;
			sourceTree = "<group>";
		};
		F13BAFB1217227D00072378A /* Model */ = {
			isa = PBXGroup;
			children = (
				F1D0BBE2216107AC00ABAE5D /* ModelPendingCollectionViewCell */,
				F1D0BBE12161079400ABAE5D /* ModelConfirmCollectionViewCell */,
				F13978A6216C8BEF00B80B68 /* ModelCompleteCollectionViewCell */,
			);
			path = Model;
			sourceTree = "<group>";
		};
		F13BAFB2217228110072378A /* Designer */ = {
			isa = PBXGroup;
			children = (
				F1D0BBDB2161007200ABAE5D /* DesignerPendingCollectionViewCell */,
				F1D0BBE0216100C000ABAE5D /* DesignerConfirmCollectionViewCell */,
				F13978B0216C8D9C00B80B68 /* DesignerCompleteCollectionViewCell */,
			);
			path = Designer;
			sourceTree = "<group>";
		};
		F1546C1221522C57009AB3ED /* Model */ = {
			isa = PBXGroup;
			children = (
				F196CEA421672DE9001110E1 /* Post.swift */,
				F196CEA6216733E1001110E1 /* Appointment.swift */,
				F1546C2221524114009AB3ED /* HTTP */,
				F1546C1B2152317D009AB3ED /* Error */,
				F1546C1821523093009AB3ED /* User */,
				F1546C1321522C6C009AB3ED /* Facebook */,
			);
			path = Model;
			sourceTree = "<group>";
		};
		F1546C1321522C6C009AB3ED /* Facebook */ = {
			isa = PBXGroup;
			children = (
				F1546C1621522DD6009AB3ED /* FacebookManager.swift */,
			);
			path = Facebook;
			sourceTree = "<group>";
		};
		F1546C1821523093009AB3ED /* User */ = {
			isa = PBXGroup;
			children = (
				F1546C1E21523244009AB3ED /* User.swift */,
				F1DD3F38215388A400BBE710 /* UserManager.swift */,
			);
			path = User;
			sourceTree = "<group>";
		};
		F1546C1B2152317D009AB3ED /* Error */ = {
			isa = PBXGroup;
			children = (
				F1546C1C215231A4009AB3ED /* MatcHairError.swift */,
			);
			path = Error;
			sourceTree = "<group>";
		};
		F1546C2221524114009AB3ED /* HTTP */ = {
			isa = PBXGroup;
			children = (
			);
			path = HTTP;
			sourceTree = "<group>";
		};
		F1546C27215256D8009AB3ED /* Support */ = {
			isa = PBXGroup;
			children = (
				F1C2C3DE2153CED20065E4EB /* CameraController.swift */,
				F1546C2821525705009AB3ED /* MatcHairColor.swift */,
				F1C2C3E02154B3170065E4EB /* SwipeController.swift */,
				F1C2C3E22154B4180065E4EB /* SegueController.swift */,
				F13C31E62163ABF500498C2B /* PickerDialog.swift */,
			);
			path = Support;
			sourceTree = "<group>";
		};
		F15B2CB42180226400DE4E3E /* PostInfoCell (Recruit) */ = {
			isa = PBXGroup;
			children = (
				F15B2CB52180227700DE4E3E /* Category */,
				F15B2CB6218022A000DE4E3E /* Payment */,
				F15B2CB7218022B600DE4E3E /* ReservationTime */,
				F15B2CB8218022CD00DE4E3E /* ReservationLocation */,
				F15B2CB92180231300DE4E3E /* Phone */,
			);
			path = "PostInfoCell (Recruit)";
			sourceTree = "<group>";
		};
		F15B2CB52180227700DE4E3E /* Category */ = {
			isa = PBXGroup;
			children = (
				F15B2CBA2180236500DE4E3E /* CategoryTableViewCell.swift */,
				F15B2CBB2180236500DE4E3E /* CategoryTableViewCell.xib */,
			);
			path = Category;
			sourceTree = "<group>";
		};
		F15B2CB6218022A000DE4E3E /* Payment */ = {
			isa = PBXGroup;
			children = (
				F1ECE3612180297800DC154D /* PaymentTableViewCell.swift */,
				F1ECE3622180297800DC154D /* PaymentTableViewCell.xib */,
			);
			path = Payment;
			sourceTree = "<group>";
		};
		F15B2CB7218022B600DE4E3E /* ReservationTime */ = {
			isa = PBXGroup;
			children = (
				F1ECE36521803CB400DC154D /* ReservationTimeTableViewCell.swift */,
				F1ECE36621803CB400DC154D /* ReservationTimeTableViewCell.xib */,
			);
			path = ReservationTime;
			sourceTree = "<group>";
		};
		F15B2CB8218022CD00DE4E3E /* ReservationLocation */ = {
			isa = PBXGroup;
			children = (
				F1ECE36921803DF200DC154D /* ReservationLocationTableViewCell.swift */,
				F1ECE36A21803DF200DC154D /* ReservationLocationTableViewCell.xib */,
			);
			path = ReservationLocation;
			sourceTree = "<group>";
		};
		F15B2CB92180231300DE4E3E /* Phone */ = {
			isa = PBXGroup;
			children = (
				F1ECE36D21803FF800DC154D /* PhoneTableViewCell.swift */,
				F1ECE36E21803FF800DC154D /* PhoneTableViewCell.xib */,
			);
			path = Phone;
			sourceTree = "<group>";
		};
		F196CEAA216B680C001110E1 /* Model */ = {
			isa = PBXGroup;
			children = (
				F1D0BBEB21610A9400ABAE5D /* ModelSegementController.swift */,
				F196CEAF216B68CB001110E1 /* ModelPendingViewController.swift */,
				F196CEB1216B68E0001110E1 /* ModelConfirmViewController.swift */,
				F13978A2216C8A3900B80B68 /* ModelCompleteViewController.swift */,
			);
			path = Model;
			sourceTree = "<group>";
		};
		F196CEB3216B91D4001110E1 /* Designer */ = {
			isa = PBXGroup;
			children = (
				F1D0BBD9215FF55000ABAE5D /* DesignerSegementViewController.swift */,
				F196CEB4216B9448001110E1 /* DesignerPendingViewController.swift */,
				F196CEB6216B945F001110E1 /* DesignerConfirmViewController.swift */,
				F13978A4216C8A4F00B80B68 /* DesignerCompleteViewController.swift */,
			);
			path = Designer;
			sourceTree = "<group>";
		};
		F1A1A855215CB0290038F0CF /* PostCollectionViewCell */ = {
			isa = PBXGroup;
			children = (
				F1DD3F3221536D3D00BBE710 /* PostCollectionViewCell.swift */,
				F1DD3F3321536D3D00BBE710 /* PostCollectionViewCell.xib */,
			);
			path = PostCollectionViewCell;
			sourceTree = "<group>";
		};
		F1A1A856215CB03C0038F0CF /* ProfileCollectionViewCell */ = {
			isa = PBXGroup;
			children = (
				F1A1A84D215C7D190038F0CF /* ProfileCollectionViewCell.swift */,
				F1A1A84E215C7D190038F0CF /* ProfileCollectionViewCell.xib */,
			);
			path = ProfileCollectionViewCell;
			sourceTree = "<group>";
		};
		F1A1A857215CB04F0038F0CF /* MyPostCollectionViewCell */ = {
			isa = PBXGroup;
			children = (
				F1A1A851215C7F010038F0CF /* MyPostCollectionViewCell.swift */,
				F1A1A852215C7F010038F0CF /* MyPostCollectionViewCell.xib */,
			);
			path = MyPostCollectionViewCell;
			sourceTree = "<group>";
		};
		F1A1A85A215DDA550038F0CF /* AppointmentCollectionViewCell */ = {
			isa = PBXGroup;
			children = (
				F13BAFB1217227D00072378A /* Model */,
				F13BAFB2217228110072378A /* Designer */,
			);
			path = AppointmentCollectionViewCell;
			sourceTree = "<group>";
		};
		F1D0BBD8215FCEA000ABAE5D /* LikePostCollectionViewCell */ = {
			isa = PBXGroup;
			children = (
				F1D0BBD4215FCE9300ABAE5D /* LikePostCollectionViewCell.swift */,
				F1D0BBD5215FCE9300ABAE5D /* LikePostCollectionViewCell.xib */,
			);
			path = LikePostCollectionViewCell;
			sourceTree = "<group>";
		};
		F1D0BBDB2161007200ABAE5D /* DesignerPendingCollectionViewCell */ = {
			isa = PBXGroup;
			children = (
				F1A1A85B215DDA900038F0CF /* DesignerPendingCollectionViewCell.swift */,
				F1A1A85C215DDA900038F0CF /* DesignerPendingCollectionViewCell.xib */,
			);
			path = DesignerPendingCollectionViewCell;
			sourceTree = "<group>";
		};
		F1D0BBE0216100C000ABAE5D /* DesignerConfirmCollectionViewCell */ = {
			isa = PBXGroup;
			children = (
				F1D0BBDC216100AA00ABAE5D /* DesignerConfirmCollectionViewCell.swift */,
				F1D0BBDD216100AA00ABAE5D /* DesignerConfirmCollectionViewCell.xib */,
			);
			path = DesignerConfirmCollectionViewCell;
			sourceTree = "<group>";
		};
		F1D0BBE12161079400ABAE5D /* ModelConfirmCollectionViewCell */ = {
			isa = PBXGroup;
			children = (
				F1D0BBE7216108D900ABAE5D /* ModelConfirmCollectionViewCell.swift */,
				F1D0BBE8216108D900ABAE5D /* ModelConfirmCollectionViewCell.xib */,
			);
			path = ModelConfirmCollectionViewCell;
			sourceTree = "<group>";
		};
		F1D0BBE2216107AC00ABAE5D /* ModelPendingCollectionViewCell */ = {
			isa = PBXGroup;
			children = (
				F1D0BBE32161087300ABAE5D /* ModelPendingCollectionViewCell.swift */,
				F1D0BBE42161087300ABAE5D /* ModelPendingCollectionViewCell.xib */,
			);
			path = ModelPendingCollectionViewCell;
			sourceTree = "<group>";
		};
		F1DD3F3121536D0F00BBE710 /* Xib */ = {
			isa = PBXGroup;
			children = (
				F15B2CB42180226400DE4E3E /* PostInfoCell (Recruit) */,
				F1A1A85A215DDA550038F0CF /* AppointmentCollectionViewCell */,
				F1A1A856215CB03C0038F0CF /* ProfileCollectionViewCell */,
				F1A1A857215CB04F0038F0CF /* MyPostCollectionViewCell */,
				F1A1A855215CB0290038F0CF /* PostCollectionViewCell */,
				F1D0BBD8215FCEA000ABAE5D /* LikePostCollectionViewCell */,
			);
			path = Xib;
			sourceTree = "<group>";
		};
/* End PBXGroup section */

/* Begin PBXNativeTarget section */
		F139AA012151EF3700B5B0D4 /* MatcHair */ = {
			isa = PBXNativeTarget;
			buildConfigurationList = F139AA142151EF3A00B5B0D4 /* Build configuration list for PBXNativeTarget "MatcHair" */;
			buildPhases = (
				4FB974894AB808D13907FE68 /* [CP] Check Pods Manifest.lock */,
				F139A9FE2151EF3700B5B0D4 /* Sources */,
				F139A9FF2151EF3700B5B0D4 /* Frameworks */,
				F139AA002151EF3700B5B0D4 /* Resources */,
				95AC200CD1FF7310E3C5D298 /* [CP] Embed Pods Frameworks */,
				F139AA3121521D6400B5B0D4 /* ShellScript */,
			);
			buildRules = (
			);
			dependencies = (
			);
			name = MatcHair;
			productName = MatcHair;
			productReference = F139AA022151EF3700B5B0D4 /* MatcHair.app */;
			productType = "com.apple.product-type.application";
		};
/* End PBXNativeTarget section */

/* Begin PBXProject section */
		F139A9FA2151EF3700B5B0D4 /* Project object */ = {
			isa = PBXProject;
			attributes = {
				LastSwiftUpdateCheck = 1000;
				LastUpgradeCheck = 1000;
				ORGANIZATIONNAME = Crystal;
				TargetAttributes = {
					F139AA012151EF3700B5B0D4 = {
						CreatedOnToolsVersion = 10.0;
					};
				};
			};
			buildConfigurationList = F139A9FD2151EF3700B5B0D4 /* Build configuration list for PBXProject "MatcHair" */;
			compatibilityVersion = "Xcode 9.3";
			developmentRegion = en;
			hasScannedForEncodings = 0;
			knownRegions = (
				en,
				Base,
			);
			mainGroup = F139A9F92151EF3700B5B0D4;
			productRefGroup = F139AA032151EF3700B5B0D4 /* Products */;
			projectDirPath = "";
			projectRoot = "";
			targets = (
				F139AA012151EF3700B5B0D4 /* MatcHair */,
			);
		};
/* End PBXProject section */

/* Begin PBXResourcesBuildPhase section */
		F139AA002151EF3700B5B0D4 /* Resources */ = {
			isa = PBXResourcesBuildPhase;
			buildActionMask = 2147483647;
			files = (
				F1D0BBDF216100AA00ABAE5D /* DesignerConfirmCollectionViewCell.xib in Resources */,
				F1A1A850215C7D190038F0CF /* ProfileCollectionViewCell.xib in Resources */,
				F1D0BBD7215FCE9300ABAE5D /* LikePostCollectionViewCell.xib in Resources */,
				F13C31DF21631CBD00498C2B /* Detail.storyboard in Resources */,
				F139AA2B2151FB2A00B5B0D4 /* Like.storyboard in Resources */,
				F139AA192151F18300B5B0D4 /* Login.storyboard in Resources */,
				F1D0BBEA216108D900ABAE5D /* ModelConfirmCollectionViewCell.xib in Resources */,
				F139AA272151FB0D00B5B0D4 /* Home.storyboard in Resources */,
				F1A1A85E215DDA900038F0CF /* DesignerPendingCollectionViewCell.xib in Resources */,
				F1ECE3642180297800DC154D /* PaymentTableViewCell.xib in Resources */,
				F139AA292151FB2000B5B0D4 /* Appointment.storyboard in Resources */,
				F1DCA95E217586A500E387C0 /* home_loading.json in Resources */,
				F1C2C3D72153CD2F0065E4EB /* Post.storyboard in Resources */,
				F139AA102151EF3A00B5B0D4 /* LaunchScreen.storyboard in Resources */,
				F13978B4216C8EB300B80B68 /* DesignerCompleteCollectionViewCell.xib in Resources */,
				F1A1A860215DE1070038F0CF /* Assets.xcassets in Resources */,
				F13BAFB42173A9690072378A /* empty_box.json in Resources */,
				F1A1A854215C7F010038F0CF /* MyPostCollectionViewCell.xib in Resources */,
				F1ECE36821803CB400DC154D /* ReservationTimeTableViewCell.xib in Resources */,
				F139AA2F2151FB4600B5B0D4 /* Profile.storyboard in Resources */,
				F1546C2D21528F6B009AB3ED /* GoogleService-Info.plist in Resources */,
				F1D0BBE62161087300ABAE5D /* ModelPendingCollectionViewCell.xib in Resources */,
				F1ECE37021803FF800DC154D /* PhoneTableViewCell.xib in Resources */,
				F139AA2D2151FB3900B5B0D4 /* ChatRoom.storyboard in Resources */,
				F1ECE36C21803DF200DC154D /* ReservationLocationTableViewCell.xib in Resources */,
				F15B2CBD2180236500DE4E3E /* CategoryTableViewCell.xib in Resources */,
				F1DD3F3521536D3D00BBE710 /* PostCollectionViewCell.xib in Resources */,
				F1DCA9602175885E00E387C0 /* no_appointment.json in Resources */,
				F139AA0B2151EF3700B5B0D4 /* Main.storyboard in Resources */,
				F13978AA216C8C6A00B80B68 /* ModelCompleteCollectionViewCell.xib in Resources */,
			);
			runOnlyForDeploymentPostprocessing = 0;
		};
/* End PBXResourcesBuildPhase section */

/* Begin PBXShellScriptBuildPhase section */
		4FB974894AB808D13907FE68 /* [CP] Check Pods Manifest.lock */ = {
			isa = PBXShellScriptBuildPhase;
			buildActionMask = 2147483647;
			files = (
			);
			inputPaths = (
				"${PODS_PODFILE_DIR_PATH}/Podfile.lock",
				"${PODS_ROOT}/Manifest.lock",
			);
			name = "[CP] Check Pods Manifest.lock";
			outputPaths = (
				"$(DERIVED_FILE_DIR)/Pods-MatcHair-checkManifestLockResult.txt",
			);
			runOnlyForDeploymentPostprocessing = 0;
			shellPath = /bin/sh;
			shellScript = "diff \"${PODS_PODFILE_DIR_PATH}/Podfile.lock\" \"${PODS_ROOT}/Manifest.lock\" > /dev/null\nif [ $? != 0 ] ; then\n    # print error to STDERR\n    echo \"error: The sandbox is not in sync with the Podfile.lock. Run 'pod install' or update your CocoaPods installation.\" >&2\n    exit 1\nfi\n# This output is used by Xcode 'outputs' to avoid re-running this script phase.\necho \"SUCCESS\" > \"${SCRIPT_OUTPUT_FILE_0}\"\n";
			showEnvVarsInLog = 0;
		};
		95AC200CD1FF7310E3C5D298 /* [CP] Embed Pods Frameworks */ = {
			isa = PBXShellScriptBuildPhase;
			buildActionMask = 2147483647;
			files = (
			);
			inputPaths = (
				"${SRCROOT}/Pods/Target Support Files/Pods-MatcHair/Pods-MatcHair-frameworks.sh",
				"${BUILT_PRODUCTS_DIR}/BTNavigationDropdownMenu/BTNavigationDropdownMenu.framework",
				"${BUILT_PRODUCTS_DIR}/Bolts/Bolts.framework",
				"${BUILT_PRODUCTS_DIR}/DatePickerDialog/DatePickerDialog.framework",
				"${BUILT_PRODUCTS_DIR}/FBSDKCoreKit/FBSDKCoreKit.framework",
				"${BUILT_PRODUCTS_DIR}/FBSDKLoginKit/FBSDKLoginKit.framework",
				"${BUILT_PRODUCTS_DIR}/FBSDKShareKit/FBSDKShareKit.framework",
				"${BUILT_PRODUCTS_DIR}/GTMSessionFetcher/GTMSessionFetcher.framework",
				"${BUILT_PRODUCTS_DIR}/GoogleUtilities/GoogleUtilities.framework",
				"${BUILT_PRODUCTS_DIR}/IQKeyboardManagerSwift/IQKeyboardManagerSwift.framework",
				"${BUILT_PRODUCTS_DIR}/KeychainSwift/KeychainSwift.framework",
				"${BUILT_PRODUCTS_DIR}/Kingfisher/Kingfisher.framework",
				"${BUILT_PRODUCTS_DIR}/leveldb-library/leveldb.framework",
				"${BUILT_PRODUCTS_DIR}/lottie-ios/Lottie.framework",
				"${BUILT_PRODUCTS_DIR}/nanopb/nanopb.framework",
			);
			name = "[CP] Embed Pods Frameworks";
			outputPaths = (
				"${TARGET_BUILD_DIR}/${FRAMEWORKS_FOLDER_PATH}/BTNavigationDropdownMenu.framework",
				"${TARGET_BUILD_DIR}/${FRAMEWORKS_FOLDER_PATH}/Bolts.framework",
				"${TARGET_BUILD_DIR}/${FRAMEWORKS_FOLDER_PATH}/DatePickerDialog.framework",
				"${TARGET_BUILD_DIR}/${FRAMEWORKS_FOLDER_PATH}/FBSDKCoreKit.framework",
				"${TARGET_BUILD_DIR}/${FRAMEWORKS_FOLDER_PATH}/FBSDKLoginKit.framework",
				"${TARGET_BUILD_DIR}/${FRAMEWORKS_FOLDER_PATH}/FBSDKShareKit.framework",
				"${TARGET_BUILD_DIR}/${FRAMEWORKS_FOLDER_PATH}/GTMSessionFetcher.framework",
				"${TARGET_BUILD_DIR}/${FRAMEWORKS_FOLDER_PATH}/GoogleUtilities.framework",
				"${TARGET_BUILD_DIR}/${FRAMEWORKS_FOLDER_PATH}/IQKeyboardManagerSwift.framework",
				"${TARGET_BUILD_DIR}/${FRAMEWORKS_FOLDER_PATH}/KeychainSwift.framework",
				"${TARGET_BUILD_DIR}/${FRAMEWORKS_FOLDER_PATH}/Kingfisher.framework",
				"${TARGET_BUILD_DIR}/${FRAMEWORKS_FOLDER_PATH}/leveldb.framework",
				"${TARGET_BUILD_DIR}/${FRAMEWORKS_FOLDER_PATH}/Lottie.framework",
				"${TARGET_BUILD_DIR}/${FRAMEWORKS_FOLDER_PATH}/nanopb.framework",
			);
			runOnlyForDeploymentPostprocessing = 0;
			shellPath = /bin/sh;
			shellScript = "\"${SRCROOT}/Pods/Target Support Files/Pods-MatcHair/Pods-MatcHair-frameworks.sh\"\n";
			showEnvVarsInLog = 0;
		};
		F139AA3121521D6400B5B0D4 /* ShellScript */ = {
			isa = PBXShellScriptBuildPhase;
			buildActionMask = 2147483647;
			files = (
			);
			inputPaths = (
				"$(BUILT_PRODUCTS_DIR)/$(INFOPLIST_PATH)",
			);
			outputPaths = (
			);
			runOnlyForDeploymentPostprocessing = 0;
			shellPath = /bin/sh;
			shellScript = "# Type a script or drag a script file from your workspace to insert its path.\n\"${PODS_ROOT}/SwiftLint/swiftlint\"\n\"${PODS_ROOT}/Fabric/run\" a961394b61cdd34c315385f5a2ebe77a99659292 e742d06cd6e63b0f4b1fd3ae7a68e1caa6ad44795416692787fad28f2aa6f1b5\n";
		};
/* End PBXShellScriptBuildPhase section */

/* Begin PBXSourcesBuildPhase section */
		F139A9FE2151EF3700B5B0D4 /* Sources */ = {
			isa = PBXSourcesBuildPhase;
			buildActionMask = 2147483647;
			files = (
				F196CEB0216B68CB001110E1 /* ModelPendingViewController.swift in Sources */,
				F1D0BBDE216100AA00ABAE5D /* DesignerConfirmCollectionViewCell.swift in Sources */,
				F1546C2921525705009AB3ED /* MatcHairColor.swift in Sources */,
				F139AA222151F87200B5B0D4 /* TabBarController.swift in Sources */,
				F1A1A853215C7F010038F0CF /* MyPostCollectionViewCell.swift in Sources */,
				F1D0BBD6215FCE9300ABAE5D /* LikePostCollectionViewCell.swift in Sources */,
				F196CEA7216733E1001110E1 /* Appointment.swift in Sources */,
				F1C2C3DD2153CE3E0065E4EB /* ShowPictureViewController.swift in Sources */,
				F1D0BBEE2161400000ABAE5D /* ChatRoomViewController.swift in Sources */,
				F1DD3F39215388A400BBE710 /* UserManager.swift in Sources */,
				F1D0BBEC21610A9400ABAE5D /* ModelSegementController.swift in Sources */,
				F1C2C3E52154B8AE0065E4EB /* PostViewController.swift in Sources */,
				F13C31E72163ABF600498C2B /* PickerDialog.swift in Sources */,
				F1D0BBE9216108D900ABAE5D /* ModelConfirmCollectionViewCell.swift in Sources */,
				F196CEB5216B9448001110E1 /* DesignerPendingViewController.swift in Sources */,
				F1ECE36B21803DF200DC154D /* ReservationLocationTableViewCell.swift in Sources */,
				F1365CFB21533224009419F5 /* UILabel+Crystal.swift in Sources */,
				F1D0BBE52161087300ABAE5D /* ModelPendingCollectionViewCell.swift in Sources */,
				F13978A1216C619900B80B68 /* NotificationName+Crystal.swift in Sources */,
				F1546C1D215231A4009AB3ED /* MatcHairError.swift in Sources */,
				F145D3FC21773CD3006801D6 /* EmptyPageViewController.swift in Sources */,
				F13978A9216C8C6A00B80B68 /* ModelCompleteCollectionViewCell.swift in Sources */,
				F13978A3216C8A3900B80B68 /* ModelCompleteViewController.swift in Sources */,
				F14794A2215B57AD005E864C /* HomeViewController.swift in Sources */,
				F196CEB2216B68E0001110E1 /* ModelConfirmViewController.swift in Sources */,
				F139AA1E2151F5B800B5B0D4 /* LoginViewController.swift in Sources */,
				F13978A5216C8A4F00B80B68 /* DesignerCompleteViewController.swift in Sources */,
				F139AA082151EF3700B5B0D4 /* ViewController.swift in Sources */,
				F1DD3F3021535DAC00BBE710 /* ProfileViewController.swift in Sources */,
				F1C2C3E32154B4180065E4EB /* SegueController.swift in Sources */,
				F196CEB7216B945F001110E1 /* DesignerConfirmViewController.swift in Sources */,
				F1546C1F21523244009AB3ED /* User.swift in Sources */,
				F1A1A85D215DDA900038F0CF /* DesignerPendingCollectionViewCell.swift in Sources */,
				F1D0BBDA215FF55000ABAE5D /* DesignerSegementViewController.swift in Sources */,
				F1C2C3DC2153CE3E0065E4EB /* PictureViewController.swift in Sources */,
				F1ECE36721803CB400DC154D /* ReservationTimeTableViewCell.swift in Sources */,
				F1546C1721522DD6009AB3ED /* FacebookManager.swift in Sources */,
				F1DD3F3421536D3D00BBE710 /* PostCollectionViewCell.swift in Sources */,
				F13C31DD21631C9800498C2B /* DetailViewController.swift in Sources */,
				F196CEA521672DE9001110E1 /* Post.swift in Sources */,
				F139AA062151EF3700B5B0D4 /* AppDelegate.swift in Sources */,
				F1ECE36F21803FF800DC154D /* PhoneTableViewCell.swift in Sources */,
				F15B2CBC2180236500DE4E3E /* CategoryTableViewCell.swift in Sources */,
				F1ECE3632180297800DC154D /* PaymentTableViewCell.swift in Sources */,
				F1A1A859215CB09B0038F0CF /* LikeViewController.swift in Sources */,
				F1A1A84F215C7D190038F0CF /* ProfileCollectionViewCell.swift in Sources */,
				F1C2C3E12154B3170065E4EB /* SwipeController.swift in Sources */,
				F139AA242151F9AF00B5B0D4 /* UIStoryboard+Crystal.swift in Sources */,
				F13978B3216C8EB300B80B68 /* DesignerCompleteCollectionViewCell.swift in Sources */,
				F196CEA9216B3B87001110E1 /* Date+Crystal.swift in Sources */,
				F1C2C3DF2153CED20065E4EB /* CameraController.swift in Sources */,
				F1C2C3E72154C9660065E4EB /* NavigationController.swift in Sources */,
				F1546C2621524D73009AB3ED /* UIView+Crystal.swift in Sources */,
			);
			runOnlyForDeploymentPostprocessing = 0;
		};
/* End PBXSourcesBuildPhase section */

/* Begin PBXVariantGroup section */
		F139AA092151EF3700B5B0D4 /* Main.storyboard */ = {
			isa = PBXVariantGroup;
			children = (
				F139AA0A2151EF3700B5B0D4 /* Base */,
			);
			name = Main.storyboard;
			sourceTree = "<group>";
		};
		F139AA0E2151EF3A00B5B0D4 /* LaunchScreen.storyboard */ = {
			isa = PBXVariantGroup;
			children = (
				F139AA0F2151EF3A00B5B0D4 /* Base */,
			);
			name = LaunchScreen.storyboard;
			sourceTree = "<group>";
		};
/* End PBXVariantGroup section */

/* Begin XCBuildConfiguration section */
		F139AA122151EF3A00B5B0D4 /* Debug */ = {
			isa = XCBuildConfiguration;
			buildSettings = {
				ALWAYS_SEARCH_USER_PATHS = NO;
				CLANG_ANALYZER_NONNULL = YES;
				CLANG_ANALYZER_NUMBER_OBJECT_CONVERSION = YES_AGGRESSIVE;
				CLANG_CXX_LANGUAGE_STANDARD = "gnu++14";
				CLANG_CXX_LIBRARY = "libc++";
				CLANG_ENABLE_MODULES = YES;
				CLANG_ENABLE_OBJC_ARC = YES;
				CLANG_ENABLE_OBJC_WEAK = YES;
				CLANG_WARN_BLOCK_CAPTURE_AUTORELEASING = YES;
				CLANG_WARN_BOOL_CONVERSION = YES;
				CLANG_WARN_COMMA = YES;
				CLANG_WARN_CONSTANT_CONVERSION = YES;
				CLANG_WARN_DEPRECATED_OBJC_IMPLEMENTATIONS = YES;
				CLANG_WARN_DIRECT_OBJC_ISA_USAGE = YES_ERROR;
				CLANG_WARN_DOCUMENTATION_COMMENTS = YES;
				CLANG_WARN_EMPTY_BODY = YES;
				CLANG_WARN_ENUM_CONVERSION = YES;
				CLANG_WARN_INFINITE_RECURSION = YES;
				CLANG_WARN_INT_CONVERSION = YES;
				CLANG_WARN_NON_LITERAL_NULL_CONVERSION = YES;
				CLANG_WARN_OBJC_IMPLICIT_RETAIN_SELF = YES;
				CLANG_WARN_OBJC_LITERAL_CONVERSION = YES;
				CLANG_WARN_OBJC_ROOT_CLASS = YES_ERROR;
				CLANG_WARN_RANGE_LOOP_ANALYSIS = YES;
				CLANG_WARN_STRICT_PROTOTYPES = YES;
				CLANG_WARN_SUSPICIOUS_MOVE = YES;
				CLANG_WARN_UNGUARDED_AVAILABILITY = YES_AGGRESSIVE;
				CLANG_WARN_UNREACHABLE_CODE = YES;
				CLANG_WARN__DUPLICATE_METHOD_MATCH = YES;
				CODE_SIGN_IDENTITY = "iPhone Developer";
				COPY_PHASE_STRIP = NO;
				DEBUG_INFORMATION_FORMAT = dwarf;
				ENABLE_STRICT_OBJC_MSGSEND = YES;
				ENABLE_TESTABILITY = YES;
				GCC_C_LANGUAGE_STANDARD = gnu11;
				GCC_DYNAMIC_NO_PIC = NO;
				GCC_NO_COMMON_BLOCKS = YES;
				GCC_OPTIMIZATION_LEVEL = 0;
				GCC_PREPROCESSOR_DEFINITIONS = (
					"DEBUG=1",
					"$(inherited)",
				);
				GCC_WARN_64_TO_32_BIT_CONVERSION = YES;
				GCC_WARN_ABOUT_RETURN_TYPE = YES_ERROR;
				GCC_WARN_UNDECLARED_SELECTOR = YES;
				GCC_WARN_UNINITIALIZED_AUTOS = YES_AGGRESSIVE;
				GCC_WARN_UNUSED_FUNCTION = YES;
				GCC_WARN_UNUSED_VARIABLE = YES;
				IPHONEOS_DEPLOYMENT_TARGET = 12.0;
				MTL_ENABLE_DEBUG_INFO = INCLUDE_SOURCE;
				MTL_FAST_MATH = YES;
				ONLY_ACTIVE_ARCH = YES;
				SDKROOT = iphoneos;
				SWIFT_ACTIVE_COMPILATION_CONDITIONS = DEBUG;
				SWIFT_OPTIMIZATION_LEVEL = "-Onone";
			};
			name = Debug;
		};
		F139AA132151EF3A00B5B0D4 /* Release */ = {
			isa = XCBuildConfiguration;
			buildSettings = {
				ALWAYS_SEARCH_USER_PATHS = NO;
				CLANG_ANALYZER_NONNULL = YES;
				CLANG_ANALYZER_NUMBER_OBJECT_CONVERSION = YES_AGGRESSIVE;
				CLANG_CXX_LANGUAGE_STANDARD = "gnu++14";
				CLANG_CXX_LIBRARY = "libc++";
				CLANG_ENABLE_MODULES = YES;
				CLANG_ENABLE_OBJC_ARC = YES;
				CLANG_ENABLE_OBJC_WEAK = YES;
				CLANG_WARN_BLOCK_CAPTURE_AUTORELEASING = YES;
				CLANG_WARN_BOOL_CONVERSION = YES;
				CLANG_WARN_COMMA = YES;
				CLANG_WARN_CONSTANT_CONVERSION = YES;
				CLANG_WARN_DEPRECATED_OBJC_IMPLEMENTATIONS = YES;
				CLANG_WARN_DIRECT_OBJC_ISA_USAGE = YES_ERROR;
				CLANG_WARN_DOCUMENTATION_COMMENTS = YES;
				CLANG_WARN_EMPTY_BODY = YES;
				CLANG_WARN_ENUM_CONVERSION = YES;
				CLANG_WARN_INFINITE_RECURSION = YES;
				CLANG_WARN_INT_CONVERSION = YES;
				CLANG_WARN_NON_LITERAL_NULL_CONVERSION = YES;
				CLANG_WARN_OBJC_IMPLICIT_RETAIN_SELF = YES;
				CLANG_WARN_OBJC_LITERAL_CONVERSION = YES;
				CLANG_WARN_OBJC_ROOT_CLASS = YES_ERROR;
				CLANG_WARN_RANGE_LOOP_ANALYSIS = YES;
				CLANG_WARN_STRICT_PROTOTYPES = YES;
				CLANG_WARN_SUSPICIOUS_MOVE = YES;
				CLANG_WARN_UNGUARDED_AVAILABILITY = YES_AGGRESSIVE;
				CLANG_WARN_UNREACHABLE_CODE = YES;
				CLANG_WARN__DUPLICATE_METHOD_MATCH = YES;
				CODE_SIGN_IDENTITY = "iPhone Developer";
				COPY_PHASE_STRIP = NO;
				DEBUG_INFORMATION_FORMAT = "dwarf-with-dsym";
				ENABLE_NS_ASSERTIONS = NO;
				ENABLE_STRICT_OBJC_MSGSEND = YES;
				GCC_C_LANGUAGE_STANDARD = gnu11;
				GCC_NO_COMMON_BLOCKS = YES;
				GCC_WARN_64_TO_32_BIT_CONVERSION = YES;
				GCC_WARN_ABOUT_RETURN_TYPE = YES_ERROR;
				GCC_WARN_UNDECLARED_SELECTOR = YES;
				GCC_WARN_UNINITIALIZED_AUTOS = YES_AGGRESSIVE;
				GCC_WARN_UNUSED_FUNCTION = YES;
				GCC_WARN_UNUSED_VARIABLE = YES;
				IPHONEOS_DEPLOYMENT_TARGET = 12.0;
				MTL_ENABLE_DEBUG_INFO = NO;
				MTL_FAST_MATH = YES;
				SDKROOT = iphoneos;
				SWIFT_COMPILATION_MODE = wholemodule;
				SWIFT_OPTIMIZATION_LEVEL = "-O";
				VALIDATE_PRODUCT = YES;
			};
			name = Release;
		};
		F139AA152151EF3A00B5B0D4 /* Debug */ = {
			isa = XCBuildConfiguration;
			baseConfigurationReference = B95A55F15F9234D82EDC18BB /* Pods-MatcHair.debug.xcconfig */;
			buildSettings = {
				ASSETCATALOG_COMPILER_APPICON_NAME = AppIcon;
				CODE_SIGN_STYLE = Automatic;
				DEVELOPMENT_TEAM = J2AQB8YCYK;
				INFOPLIST_FILE = MatcHair/Info.plist;
				IPHONEOS_DEPLOYMENT_TARGET = 11.4;
				LD_RUNPATH_SEARCH_PATHS = (
					"$(inherited)",
					"@executable_path/Frameworks",
				);
				PRODUCT_BUNDLE_IDENTIFIER = com.M10508101.MatcHair;
				PRODUCT_NAME = "$(TARGET_NAME)";
				SWIFT_VERSION = 4.2;
				TARGETED_DEVICE_FAMILY = 1;
			};
			name = Debug;
		};
		F139AA162151EF3A00B5B0D4 /* Release */ = {
			isa = XCBuildConfiguration;
			baseConfigurationReference = E2AED2B853FE316240AEACF8 /* Pods-MatcHair.release.xcconfig */;
			buildSettings = {
				ASSETCATALOG_COMPILER_APPICON_NAME = AppIcon;
				CODE_SIGN_STYLE = Automatic;
				DEVELOPMENT_TEAM = J2AQB8YCYK;
				INFOPLIST_FILE = MatcHair/Info.plist;
				IPHONEOS_DEPLOYMENT_TARGET = 11.4;
				LD_RUNPATH_SEARCH_PATHS = (
					"$(inherited)",
					"@executable_path/Frameworks",
				);
				PRODUCT_BUNDLE_IDENTIFIER = com.M10508101.MatcHair;
				PRODUCT_NAME = "$(TARGET_NAME)";
				SWIFT_VERSION = 4.2;
				TARGETED_DEVICE_FAMILY = 1;
			};
			name = Release;
		};
/* End XCBuildConfiguration section */

/* Begin XCConfigurationList section */
		F139A9FD2151EF3700B5B0D4 /* Build configuration list for PBXProject "MatcHair" */ = {
			isa = XCConfigurationList;
			buildConfigurations = (
				F139AA122151EF3A00B5B0D4 /* Debug */,
				F139AA132151EF3A00B5B0D4 /* Release */,
			);
			defaultConfigurationIsVisible = 0;
			defaultConfigurationName = Release;
		};
		F139AA142151EF3A00B5B0D4 /* Build configuration list for PBXNativeTarget "MatcHair" */ = {
			isa = XCConfigurationList;
			buildConfigurations = (
				F139AA152151EF3A00B5B0D4 /* Debug */,
				F139AA162151EF3A00B5B0D4 /* Release */,
			);
			defaultConfigurationIsVisible = 0;
			defaultConfigurationName = Release;
		};
/* End XCConfigurationList section */
	};
	rootObject = F139A9FA2151EF3700B5B0D4 /* Project object */;
}
